Microsoft Visual Studio Solution File, Format Version 12.00
# Visual Studio Version 17
VisualStudioVersion = 17.12.35527.113 d17.12
MinimumVisualStudioVersion = 10.0.40219.1
Project("{FAE04EC0-301F-11D3-BF4B-00C04F79EFBC}") = "DevOpsTest.AppHost", "DevOpsTest.AppHost\DevOpsTest.AppHost.csproj", "{FF55E68A-841B-46AD-9F32-76ED54A4CE55}"
EndProject
Project("{FAE04EC0-301F-11D3-BF4B-00C04F79EFBC}") = "DevOpsTest.ServiceDefaults", "DevOpsTest.ServiceDefaults\DevOpsTest.ServiceDefaults.csproj", "{2326C9B9-72B7-4ED6-9FD5-FE1A4F1F3CA7}"
EndProject
Project("{FAE04EC0-301F-11D3-BF4B-00C04F79EFBC}") = "DevOpsTest.ApiService", "DevOpsTest.ApiService\DevOpsTest.ApiService.csproj", "{6F7D3FC2-7004-474E-BF2C-2D0335E1D445}"
EndProject
Project("{FAE04EC0-301F-11D3-BF4B-00C04F79EFBC}") = "DevOpsTest.Web", "DevOpsTest.Web\DevOpsTest.Web.csproj", "{6F48738B-E615-4F8F-AC1B-88CDD7005C99}"
EndProject
Global
	GlobalSection(SolutionConfigurationPlatforms) = preSolution
		Debug|Any CPU = Debug|Any CPU
		Release|Any CPU = Release|Any CPU
	EndGlobalSection
	GlobalSection(ProjectConfigurationPlatforms) = postSolution
		{FF55E68A-841B-46AD-9F32-76ED54A4CE55}.Debug|Any CPU.ActiveCfg = Debug|Any CPU
		{FF55E68A-841B-46AD-9F32-76ED54A4CE55}.Debug|Any CPU.Build.0 = Debug|Any CPU
		{FF55E68A-841B-46AD-9F32-76ED54A4CE55}.Release|Any CPU.ActiveCfg = Release|Any CPU
		{FF55E68A-841B-46AD-9F32-76ED54A4CE55}.Release|Any CPU.Build.0 = Release|Any CPU
		{2326C9B9-72B7-4ED6-9FD5-FE1A4F1F3CA7}.Debug|Any CPU.ActiveCfg = Debug|Any CPU
		{2326C9B9-72B7-4ED6-9FD5-FE1A4F1F3CA7}.Debug|Any CPU.Build.0 = Debug|Any CPU
		{2326C9B9-72B7-4ED6-9FD5-FE1A4F1F3CA7}.Release|Any CPU.ActiveCfg = Release|Any CPU
		{2326C9B9-72B7-4ED6-9FD5-FE1A4F1F3CA7}.Release|Any CPU.Build.0 = Release|Any CPU
		{6F7D3FC2-7004-474E-BF2C-2D0335E1D445}.Debug|Any CPU.ActiveCfg = Debug|Any CPU
		{6F7D3FC2-7004-474E-BF2C-2D0335E1D445}.Debug|Any CPU.Build.0 = Debug|Any CPU
		{6F7D3FC2-7004-474E-BF2C-2D0335E1D445}.Release|Any CPU.ActiveCfg = Release|Any CPU
		{6F7D3FC2-7004-474E-BF2C-2D0335E1D445}.Release|Any CPU.Build.0 = Release|Any CPU
		{6F48738B-E615-4F8F-AC1B-88CDD7005C99}.Debug|Any CPU.ActiveCfg = Debug|Any CPU
		{6F48738B-E615-4F8F-AC1B-88CDD7005C99}.Debug|Any CPU.Build.0 = Debug|Any CPU
		{6F48738B-E615-4F8F-AC1B-88CDD7005C99}.Release|Any CPU.ActiveCfg = Release|Any CPU
		{6F48738B-E615-4F8F-AC1B-88CDD7005C99}.Release|Any CPU.Build.0 = Release|Any CPU
	EndGlobalSection
	GlobalSection(SolutionProperties) = preSolution
		HideSolutionNode = FALSE
	EndGlobalSection
EndGlobal
